
Microsoft Visual Studio Solution File, Format Version 12.00
# Visual Studio Version 17
VisualStudioVersion = 17.5.002.0
MinimumVisualStudioVersion = 10.0.40219.1
Project("{9A19103F-16F7-4668-BE54-9A1E7A4F7556}") = "NotesAPI", "NotesAPI.csproj", "{2F1951D0-2BDE-4E0E-9311-67EDDCF6FF67}"
EndProject
Global
	GlobalSection(SolutionConfigurationPlatforms) = preSolution
		Debug|Any CPU = Debug|Any CPU
		Release|Any CPU = Release|Any CPU
	EndGlobalSection
	GlobalSection(ProjectConfigurationPlatforms) = postSolution
		{2F1951D0-2BDE-4E0E-9311-67EDDCF6FF67}.Debug|Any CPU.ActiveCfg = Debug|Any CPU
		{2F1951D0-2BDE-4E0E-9311-67EDDCF6FF67}.Debug|Any CPU.Build.0 = Debug|Any CPU
		{2F1951D0-2BDE-4E0E-9311-67EDDCF6FF67}.Release|Any CPU.ActiveCfg = Release|Any CPU
		{2F1951D0-2BDE-4E0E-9311-67EDDCF6FF67}.Release|Any CPU.Build.0 = Release|Any CPU
	EndGlobalSection
	GlobalSection(SolutionProperties) = preSolution
		HideSolutionNode = FALSE
	EndGlobalSection
	GlobalSection(ExtensibilityGlobals) = postSolution
		SolutionGuid = {D73B7AB0-C8A9-4EDA-B44D-6719B51B446B}
	EndGlobalSection
EndGlobal
